<?xml version="1.0" encoding="utf-8"?>
<Project ToolsVersion="4.0" xmlns="http://schemas.microsoft.com/developer/msbuild/2003">
  <ItemGroup>
    <Filter Include="Source">
      <UniqueIdentifier>{26651090-b6a5-4590-81a5-27bbabd07269}</UniqueIdentifier>
    </Filter>
    <Filter Include="Source\Public">
      <UniqueIdentifier>{3706ab5a-37dc-4a7b-bf79-122caa1c7423}</UniqueIdentifier>
    </Filter>
    <Filter Include="Source\Private">
      <UniqueIdentifier>{f423dc91-b4c1-4c4b-81bf-c4e2cd558c08}</UniqueIdentifier>
    </Filter>
    <Filter Include="ThirdParty">
      <UniqueIdentifier>{8e9a6735-b045-4369-bdd7-8b1035b2d579}</UniqueIdentifier>
    </Filter>
    <Filter Include="ThirdParty\OpenGL">
      <UniqueIdentifier>{a648b385-1e54-4ffb-8611-8a14dd7a1dd1}</UniqueIdentifier>
    </Filter>
    <Filter Include="ThirdParty\OpenGL\src">
      <UniqueIdentifier>{4fdb194f-d28c-4e98-8cd6-34147deb1a1f}</UniqueIdentifier>
    </Filter>
    <Filter Include="ThirdParty\OpenGL\src\GLAD">
      <UniqueIdentifier>{627ff64b-708c-4aa5-9335-ee8f05463c50}</UniqueIdentifier>
    </Filter>
    <Filter Include="ThirdParty\OpenGL\includes">
      <UniqueIdentifier>{ec016968-9e07-49a0-aabe-be603d94c1c5}</UniqueIdentifier>
    </Filter>
    <Filter Include="ThirdParty\OpenGL\includes\KHR">
      <UniqueIdentifier>{c48761b6-b35d-4bf2-aa9b-1fbd4e26a095}</UniqueIdentifier>
    </Filter>
    <Filter Include="ThirdParty\OpenGL\includes\GLFW">
      <UniqueIdentifier>{a42c7779-afbc-483f-b3b9-84bd8d89cac6}</UniqueIdentifier>
    </Filter>
    <Filter Include="ThirdParty\OpenGL\includes\GLAD">
      <UniqueIdentifier>{bce43b95-057e-49b4-9ca7-98db7d54c3c8}</UniqueIdentifier>
    </Filter>
    <Filter Include="Shaders">
      <UniqueIdentifier>{521b01f0-a70d-4fc6-b83a-5bfcd157623d}</UniqueIdentifier>
    </Filter>
    <Filter Include="Shaders\Vertex">
      <UniqueIdentifier>{82266c06-7c2d-41d0-8a28-234e412359b3}</UniqueIdentifier>
    </Filter>
    <Filter Include="Shaders\Fragment">
      <UniqueIdentifier>{df568979-6858-4087-afaa-aa5d842c35e2}</UniqueIdentifier>
    </Filter>
  </ItemGroup>
  <ItemGroup>
    <ClCompile Include="LearnOpenGL\Source\Private\main.cpp">
      <Filter>Source\Private</Filter>
    </ClCompile>
    <ClCompile Include="LearnOpenGL\ThirdParty\OpenGL\src\GLAD\glad.c">
      <Filter>ThirdParty\OpenGL\src\GLAD</Filter>
    </ClCompile>
  </ItemGroup>
  <ItemGroup>
    <ClInclude Include="LearnOpenGL\ThirdParty\OpenGL\includes\KHR\khrplatform.h">
      <Filter>ThirdParty\OpenGL\includes\KHR</Filter>
    </ClInclude>
    <ClInclude Include="LearnOpenGL\ThirdParty\OpenGL\includes\GLAD\glad.h">
      <Filter>ThirdParty\OpenGL\includes\GLAD</Filter>
    </ClInclude>
    <ClInclude Include="LearnOpenGL\ThirdParty\OpenGL\includes\GLFW\glfw3.h">
      <Filter>ThirdParty\OpenGL\includes\GLFW</Filter>
    </ClInclude>
    <ClInclude Include="LearnOpenGL\ThirdParty\OpenGL\includes\GLFW\glfw3native.h">
      <Filter>ThirdParty\OpenGL\includes\GLFW</Filter>
    </ClInclude>
  </ItemGroup>
</Project>